# Prisma Migrate lockfile v1

20200601122310-upgrade-to-2-0-0-beta-7
20200601131931
20200601134409-add-bookmarkers-relation
20200601135244-add-etag
20200603171016-separate-upvote-and-downvote-count
20200604094302-remove-vote-counts
20200604121237-add-references-to-user-bookmarks-connection
20200604122318-revert-reference-fields-for-user-bookmarks-relation
20200604122921-one-way-reference-for-user-bookmarks
20200604123600-revert-user-bookmarks-relation-changes